
Microsoft Visual Studio Solution File, Format Version 12.00
# Visual Studio 14
VisualStudioVersion = 14.0.24720.0
MinimumVisualStudioVersion = 10.0.40219.1
Project("{FAE04EC0-301F-11D3-BF4B-00C04F79EFBC}") = "Library", "Library\Library.csproj", "{D7A05832-175A-4E4C-9715-C4FF5BF1AD01}"
EndProject
Project("{FAE04EC0-301F-11D3-BF4B-00C04F79EFBC}") = "Main", "Main\Main.csproj", "{6866727A-B9A6-413B-BDBF-2DD2C6091068}"
EndProject
Global
	GlobalSection(SolutionConfigurationPlatforms) = preSolution
		Debug|Any CPU = Debug|Any CPU
		Release|Any CPU = Release|Any CPU
	EndGlobalSection
	GlobalSection(ProjectConfigurationPlatforms) = postSolution
		{D7A05832-175A-4E4C-9715-C4FF5BF1AD01}.Debug|Any CPU.ActiveCfg = Debug|Any CPU
		{D7A05832-175A-4E4C-9715-C4FF5BF1AD01}.Debug|Any CPU.Build.0 = Debug|Any CPU
		{D7A05832-175A-4E4C-9715-C4FF5BF1AD01}.Release|Any CPU.ActiveCfg = Release|Any CPU
		{D7A05832-175A-4E4C-9715-C4FF5BF1AD01}.Release|Any CPU.Build.0 = Release|Any CPU
		{6866727A-B9A6-413B-BDBF-2DD2C6091068}.Debug|Any CPU.ActiveCfg = Debug|Any CPU
		{6866727A-B9A6-413B-BDBF-2DD2C6091068}.Debug|Any CPU.Build.0 = Debug|Any CPU
		{6866727A-B9A6-413B-BDBF-2DD2C6091068}.Release|Any CPU.ActiveCfg = Release|Any CPU
		{6866727A-B9A6-413B-BDBF-2DD2C6091068}.Release|Any CPU.Build.0 = Release|Any CPU
	EndGlobalSection
	GlobalSection(SolutionProperties) = preSolution
		HideSolutionNode = FALSE
	EndGlobalSection
EndGlobal
